// !$*UTF8*$!
{
	archiveVersion = 1;
	classes = {
	};
	objectVersion = 46;
	objects = {

/* Begin PBXBuildFile section */
		09ECB7B61F30159300CC5C05 /* main.m in Sources */ = {isa = PBXBuildFile; fileRef = 09ECB7B51F30159300CC5C05 /* main.m */; };
		09ECB7B91F30159300CC5C05 /* AppDelegate.m in Sources */ = {isa = PBXBuildFile; fileRef = 09ECB7B81F30159300CC5C05 /* AppDelegate.m */; };
		09ECB7BC1F30159300CC5C05 /* ViewController.m in Sources */ = {isa = PBXBuildFile; fileRef = 09ECB7BB1F30159300CC5C05 /* ViewController.m */; };
		09ECB7BF1F30159300CC5C05 /* Main.storyboard in Resources */ = {isa = PBXBuildFile; fileRef = 09ECB7BD1F30159300CC5C05 /* Main.storyboard */; };
		09ECB7C11F30159300CC5C05 /* Assets.xcassets in Resources */ = {isa = PBXBuildFile; fileRef = 09ECB7C01F30159300CC5C05 /* Assets.xcassets */; };
		09ECB7C41F30159400CC5C05 /* LaunchScreen.storyboard in Resources */ = {isa = PBXBuildFile; fileRef = 09ECB7C21F30159400CC5C05 /* LaunchScreen.storyboard */; };
		09ECB7CF1F30159400CC5C05 /* __demoTests.m in Sources */ = {isa = PBXBuildFile; fileRef = 09ECB7CE1F30159400CC5C05 /* __demoTests.m */; };
		09ECB7DA1F30159400CC5C05 /* __demoUITests.m in Sources */ = {isa = PBXBuildFile; fileRef = 09ECB7D91F30159400CC5C05 /* __demoUITests.m */; };
		09ECB7E91F3017C200CC5C05 /* BulletView.m in Sources */ = {isa = PBXBuildFile; fileRef = 09ECB7E81F3017C200CC5C05 /* BulletView.m */; };
		09ECB7EC1F3017DD00CC5C05 /* BulletManager.m in Sources */ = {isa = PBXBuildFile; fileRef = 09ECB7EB1F3017DD00CC5C05 /* BulletManager.m */; };
/* End PBXBuildFile section */

/* Begin PBXContainerItemProxy section */
		09ECB7CB1F30159400CC5C05 /* PBXContainerItemProxy */ = {
			isa = PBXContainerItemProxy;
			containerPortal = 09ECB7A91F30159300CC5C05 /* Project object */;
			proxyType = 1;
			remoteGlobalIDString = 09ECB7B01F30159300CC5C05;
			remoteInfo = "弹幕demo";
		};
		09ECB7D61F30159400CC5C05 /* PBXContainerItemProxy */ = {
			isa = PBXContainerItemProxy;
			containerPortal = 09ECB7A91F30159300CC5C05 /* Project object */;
			proxyType = 1;
			remoteGlobalIDString = 09ECB7B01F30159300CC5C05;
			remoteInfo = "弹幕demo";
		};
/* End PBXContainerItemProxy section */

/* Begin PBXFileReference section */
		09ECB7B11F30159300CC5C05 /* 弹幕demo.app */ = {isa = PBXFileReference; explicitFileType = wrapper.application; includeInIndex = 0; path = "弹幕demo.app"; sourceTree = BUILT_PRODUCTS_DIR; };
		09ECB7B51F30159300CC5C05 /* main.m */ = {isa = PBXFileReference; lastKnownFileType = sourcecode.c.objc; path = main.m; sourceTree = "<group>"; };
		09ECB7B71F30159300CC5C05 /* AppDelegate.h */ = {isa = PBXFileReference; lastKnownFileType = sourcecode.c.h; path = AppDelegate.h; sourceTree = "<group>"; };
		09ECB7B81F30159300CC5C05 /* AppDelegate.m */ = {isa = PBXFileReference; lastKnownFileType = sourcecode.c.objc; path = AppDelegate.m; sourceTree = "<group>"; };
		09ECB7BA1F30159300CC5C05 /* ViewController.h */ = {isa = PBXFileReference; lastKnownFileType = sourcecode.c.h; path = ViewController.h; sourceTree = "<group>"; };
		09ECB7BB1F30159300CC5C05 /* ViewController.m */ = {isa = PBXFileReference; lastKnownFileType = sourcecode.c.objc; path = ViewController.m; sourceTree = "<group>"; };
		09ECB7BE1F30159300CC5C05 /* Base */ = {isa = PBXFileReference; lastKnownFileType = file.storyboard; name = Base; path = Base.lproj/Main.storyboard; sourceTree = "<group>"; };
		09ECB7C01F30159300CC5C05 /* Assets.xcassets */ = {isa = PBXFileReference; lastKnownFileType = folder.assetcatalog; path = Assets.xcassets; sourceTree = "<group>"; };
		09ECB7C31F30159400CC5C05 /* Base */ = {isa = PBXFileReference; lastKnownFileType = file.storyboard; name = Base; path = Base.lproj/LaunchScreen.storyboard; sourceTree = "<group>"; };
		09ECB7C51F30159400CC5C05 /* Info.plist */ = {isa = PBXFileReference; lastKnownFileType = text.plist.xml; path = Info.plist; sourceTree = "<group>"; };
		09ECB7CA1F30159400CC5C05 /* 弹幕demoTests.xctest */ = {isa = PBXFileReference; explicitFileType = wrapper.cfbundle; includeInIndex = 0; path = "弹幕demoTests.xctest"; sourceTree = BUILT_PRODUCTS_DIR; };
		09ECB7CE1F30159400CC5C05 /* __demoTests.m */ = {isa = PBXFileReference; lastKnownFileType = sourcecode.c.objc; path = __demoTests.m; sourceTree = "<group>"; };
		09ECB7D01F30159400CC5C05 /* Info.plist */ = {isa = PBXFileReference; lastKnownFileType = text.plist.xml; path = Info.plist; sourceTree = "<group>"; };
		09ECB7D51F30159400CC5C05 /* 弹幕demoUITests.xctest */ = {isa = PBXFileReference; explicitFileType = wrapper.cfbundle; includeInIndex = 0; path = "弹幕demoUITests.xctest"; sourceTree = BUILT_PRODUCTS_DIR; };
		09ECB7D91F30159400CC5C05 /* __demoUITests.m */ = {isa = PBXFileReference; lastKnownFileType = sourcecode.c.objc; path = __demoUITests.m; sourceTree = "<group>"; };
		09ECB7DB1F30159400CC5C05 /* Info.plist */ = {isa = PBXFileReference; lastKnownFileType = text.plist.xml; path = Info.plist; sourceTree = "<group>"; };
		09ECB7E71F3017C200CC5C05 /* BulletView.h */ = {isa = PBXFileReference; fileEncoding = 4; lastKnownFileType = sourcecode.c.h; path = BulletView.h; sourceTree = "<group>"; };
		09ECB7E81F3017C200CC5C05 /* BulletView.m */ = {isa = PBXFileReference; fileEncoding = 4; lastKnownFileType = sourcecode.c.objc; path = BulletView.m; sourceTree = "<group>"; };
		09ECB7EA1F3017DD00CC5C05 /* BulletManager.h */ = {isa = PBXFileReference; fileEncoding = 4; lastKnownFileType = sourcecode.c.h; path = BulletManager.h; sourceTree = "<group>"; };
		09ECB7EB1F3017DD00CC5C05 /* BulletManager.m */ = {isa = PBXFileReference; fileEncoding = 4; lastKnownFileType = sourcecode.c.objc; path = BulletManager.m; sourceTree = "<group>"; };
/* End PBXFileReference section */

/* Begin PBXFrameworksBuildPhase section */
		09ECB7AE1F30159300CC5C05 /* Frameworks */ = {
			isa = PBXFrameworksBuildPhase;
			buildActionMask = 2147483647;
			files = (
			);
			runOnlyForDeploymentPostprocessing = 0;
		};
		09ECB7C71F30159400CC5C05 /* Frameworks */ = {
			isa = PBXFrameworksBuildPhase;
			buildActionMask = 2147483647;
			files = (
			);
			runOnlyForDeploymentPostprocessing = 0;
		};
		09ECB7D21F30159400CC5C05 /* Frameworks */ = {
			isa = PBXFrameworksBuildPhase;
			buildActionMask = 2147483647;
			files = (
			);
			runOnlyForDeploymentPostprocessing = 0;
		};
/* End PBXFrameworksBuildPhase section */

/* Begin PBXGroup section */
		09ECB7A81F30159300CC5C05 = {
			isa = PBXGroup;
			children = (
				09ECB7B31F30159300CC5C05 /* 弹幕demo */,
				09ECB7CD1F30159400CC5C05 /* 弹幕demoTests */,
				09ECB7D81F30159400CC5C05 /* 弹幕demoUITests */,
				09ECB7B21F30159300CC5C05 /* Products */,
			);
			sourceTree = "<group>";
		};
		09ECB7B21F30159300CC5C05 /* Products */ = {
			isa = PBXGroup;
			children = (
				09ECB7B11F30159300CC5C05 /* 弹幕demo.app */,
				09ECB7CA1F30159400CC5C05 /* 弹幕demoTests.xctest */,
				09ECB7D51F30159400CC5C05 /* 弹幕demoUITests.xctest */,
			);
			name = Products;
			sourceTree = "<group>";
		};
		09ECB7B31F30159300CC5C05 /* 弹幕demo */ = {
			isa = PBXGroup;
			children = (
				09ECB7B71F30159300CC5C05 /* AppDelegate.h */,
				09ECB7B81F30159300CC5C05 /* AppDelegate.m */,
				09ECB7BA1F30159300CC5C05 /* ViewController.h */,
				09ECB7BB1F30159300CC5C05 /* ViewController.m */,
				09ECB7E71F3017C200CC5C05 /* BulletView.h */,
				09ECB7E81F3017C200CC5C05 /* BulletView.m */,
				09ECB7EA1F3017DD00CC5C05 /* BulletManager.h */,
				09ECB7EB1F3017DD00CC5C05 /* BulletManager.m */,
				09ECB7BD1F30159300CC5C05 /* Main.storyboard */,
				09ECB7C01F30159300CC5C05 /* Assets.xcassets */,
				09ECB7C21F30159400CC5C05 /* LaunchScreen.storyboard */,
				09ECB7C51F30159400CC5C05 /* Info.plist */,
				09ECB7B41F30159300CC5C05 /* Supporting Files */,
			);
			path = "弹幕demo";
			sourceTree = "<group>";
		};
		09ECB7B41F30159300CC5C05 /* Supporting Files */ = {
			isa = PBXGroup;
			children = (
				09ECB7B51F30159300CC5C05 /* main.m */,
			);
			name = "Supporting Files";
			sourceTree = "<group>";
		};
		09ECB7CD1F30159400CC5C05 /* 弹幕demoTests */ = {
			isa = PBXGroup;
			children = (
				09ECB7CE1F30159400CC5C05 /* __demoTests.m */,
				09ECB7D01F30159400CC5C05 /* Info.plist */,
			);
			path = "弹幕demoTests";
			sourceTree = "<group>";
		};
		09ECB7D81F30159400CC5C05 /* 弹幕demoUITests */ = {
			isa = PBXGroup;
			children = (
				09ECB7D91F30159400CC5C05 /* __demoUITests.m */,
				09ECB7DB1F30159400CC5C05 /* Info.plist */,
			);
			path = "弹幕demoUITests";
			sourceTree = "<group>";
		};
/* End PBXGroup section */

/* Begin PBXNativeTarget section */
		09ECB7B01F30159300CC5C05 /* 弹幕demo */ = {
			isa = PBXNativeTarget;
			buildConfigurationList = 09ECB7DE1F30159400CC5C05 /* Build configuration list for PBXNativeTarget "弹幕demo" */;
			buildPhases = (
				09ECB7AD1F30159300CC5C05 /* Sources */,
				09ECB7AE1F30159300CC5C05 /* Frameworks */,
				09ECB7AF1F30159300CC5C05 /* Resources */,
			);
			buildRules = (
			);
			dependencies = (
			);
			name = "弹幕demo";
			productName = "弹幕demo";
			productReference = 09ECB7B11F30159300CC5C05 /* 弹幕demo.app */;
			productType = "com.apple.product-type.application";
		};
		09ECB7C91F30159400CC5C05 /* 弹幕demoTests */ = {
			isa = PBXNativeTarget;
			buildConfigurationList = 09ECB7E11F30159400CC5C05 /* Build configuration list for PBXNativeTarget "弹幕demoTests" */;
			buildPhases = (
				09ECB7C61F30159400CC5C05 /* Sources */,
				09ECB7C71F30159400CC5C05 /* Frameworks */,
				09ECB7C81F30159400CC5C05 /* Resources */,
			);
			buildRules = (
			);
			dependencies = (
				09ECB7CC1F30159400CC5C05 /* PBXTargetDependency */,
			);
			name = "弹幕demoTests";
			productName = "弹幕demoTests";
			productReference = 09ECB7CA1F30159400CC5C05 /* 弹幕demoTests.xctest */;
			productType = "com.apple.product-type.bundle.unit-test";
		};
		09ECB7D41F30159400CC5C05 /* 弹幕demoUITests */ = {
			isa = PBXNativeTarget;
			buildConfigurationList = 09ECB7E41F30159400CC5C05 /* Build configuration list for PBXNativeTarget "弹幕demoUITests" */;
			buildPhases = (
				09ECB7D11F30159400CC5C05 /* Sources */,
				09ECB7D21F30159400CC5C05 /* Frameworks */,
				09ECB7D31F30159400CC5C05 /* Resources */,
			);
			buildRules = (
			);
			dependencies = (
				09ECB7D71F30159400CC5C05 /* PBXTargetDependency */,
			);
			name = "弹幕demoUITests";
			productName = "弹幕demoUITests";
			productReference = 09ECB7D51F30159400CC5C05 /* 弹幕demoUITests.xctest */;
			productType = "com.apple.product-type.bundle.ui-testing";
		};
/* End PBXNativeTarget section */

/* Begin PBXProject section */
		09ECB7A91F30159300CC5C05 /* Project object */ = {
			isa = PBXProject;
			attributes = {
				LastUpgradeCheck = 0820;
				ORGANIZATIONNAME = "王网明";
				TargetAttributes = {
					09ECB7B01F30159300CC5C05 = {
						CreatedOnToolsVersion = 8.2.1;
						DevelopmentTeam = 97B7KREVR8;
						ProvisioningStyle = Automatic;
					};
					09ECB7C91F30159400CC5C05 = {
						CreatedOnToolsVersion = 8.2.1;
						DevelopmentTeam = 97B7KREVR8;
						ProvisioningStyle = Automatic;
						TestTargetID = 09ECB7B01F30159300CC5C05;
					};
					09ECB7D41F30159400CC5C05 = {
						CreatedOnToolsVersion = 8.2.1;
						DevelopmentTeam = 97B7KREVR8;
						ProvisioningStyle = Automatic;
						TestTargetID = 09ECB7B01F30159300CC5C05;
					};
				};
			};
			buildConfigurationList = 09ECB7AC1F30159300CC5C05 /* Build configuration list for PBXProject "弹幕demo" */;
			compatibilityVersion = "Xcode 3.2";
			developmentRegion = English;
			hasScannedForEncodings = 0;
			knownRegions = (
				en,
				Base,
			);
			mainGroup = 09ECB7A81F30159300CC5C05;
			productRefGroup = 09ECB7B21F30159300CC5C05 /* Products */;
			projectDirPath = "";
			projectRoot = "";
			targets = (
				09ECB7B01F30159300CC5C05 /* 弹幕demo */,
				09ECB7C91F30159400CC5C05 /* 弹幕demoTests */,
				09ECB7D41F30159400CC5C05 /* 弹幕demoUITests */,
			);
		};
/* End PBXProject section */

/* Begin PBXResourcesBuildPhase section */
		09ECB7AF1F30159300CC5C05 /* Resources */ = {
			isa = PBXResourcesBuildPhase;
			buildActionMask = 2147483647;
			files = (
				09ECB7C41F30159400CC5C05 /* LaunchScreen.storyboard in Resources */,
				09ECB7C11F30159300CC5C05 /* Assets.xcassets in Resources */,
				09ECB7BF1F30159300CC5C05 /* Main.storyboard in Resources */,
			);
			runOnlyForDeploymentPostprocessing = 0;
		};
		09ECB7C81F30159400CC5C05 /* Resources */ = {
			isa = PBXResourcesBuildPhase;
			buildActionMask = 2147483647;
			files = (
			);
			runOnlyForDeploymentPostprocessing = 0;
		};
		09ECB7D31F30159400CC5C05 /* Resources */ = {
			isa = PBXResourcesBuildPhase;
			buildActionMask = 2147483647;
			files = (
			);
			runOnlyForDeploymentPostprocessing = 0;
		};
/* End PBXResourcesBuildPhase section */

/* Begin PBXSourcesBuildPhase section */
		09ECB7AD1F30159300CC5C05 /* Sources */ = {
			isa = PBXSourcesBuildPhase;
			buildActionMask = 2147483647;
			files = (
				09ECB7BC1F30159300CC5C05 /* ViewController.m in Sources */,
				09ECB7B91F30159300CC5C05 /* AppDelegate.m in Sources */,
				09ECB7E91F3017C200CC5C05 /* BulletView.m in Sources */,
				09ECB7B61F30159300CC5C05 /* main.m in Sources */,
				09ECB7EC1F3017DD00CC5C05 /* BulletManager.m in Sources */,
			);
			runOnlyForDeploymentPostprocessing = 0;
		};
		09ECB7C61F30159400CC5C05 /* Sources */ = {
			isa = PBXSourcesBuildPhase;
			buildActionMask = 2147483647;
			files = (
				09ECB7CF1F30159400CC5C05 /* __demoTests.m in Sources */,
			);
			runOnlyForDeploymentPostprocessing = 0;
		};
		09ECB7D11F30159400CC5C05 /* Sources */ = {
			isa = PBXSourcesBuildPhase;
			buildActionMask = 2147483647;
			files = (
				09ECB7DA1F30159400CC5C05 /* __demoUITests.m in Sources */,
			);
			runOnlyForDeploymentPostprocessing = 0;
		};
/* End PBXSourcesBuildPhase section */

/* Begin PBXTargetDependency section */
		09ECB7CC1F30159400CC5C05 /* PBXTargetDependency */ = {
			isa = PBXTargetDependency;
			target = 09ECB7B01F30159300CC5C05 /* 弹幕demo */;
			targetProxy = 09ECB7CB1F30159400CC5C05 /* PBXContainerItemProxy */;
		};
		09ECB7D71F30159400CC5C05 /* PBXTargetDependency */ = {
			isa = PBXTargetDependency;
			target = 09ECB7B01F30159300CC5C05 /* 弹幕demo */;
			targetProxy = 09ECB7D61F30159400CC5C05 /* PBXContainerItemProxy */;
		};
/* End PBXTargetDependency section */

/* Begin PBXVariantGroup section */
		09ECB7BD1F30159300CC5C05 /* Main.storyboard */ = {
			isa = PBXVariantGroup;
			children = (
				09ECB7BE1F30159300CC5C05 /* Base */,
			);
			name = Main.storyboard;
			sourceTree = "<group>";
		};
		09ECB7C21F30159400CC5C05 /* LaunchScreen.storyboard */ = {
			isa = PBXVariantGroup;
			children = (
				09ECB7C31F30159400CC5C05 /* Base */,
			);
			name = LaunchScreen.storyboard;
			sourceTree = "<group>";
		};
/* End PBXVariantGroup section */

/* Begin XCBuildConfiguration section */
		09ECB7DC1F30159400CC5C05 /* Debug */ = {
			isa = XCBuildConfiguration;
			buildSettings = {
				ALWAYS_SEARCH_USER_PATHS = NO;
				CLANG_ANALYZER_NONNULL = YES;
				CLANG_CXX_LANGUAGE_STANDARD = "gnu++0x";
				CLANG_CXX_LIBRARY = "libc++";
				CLANG_ENABLE_MODULES = YES;
				CLANG_ENABLE_OBJC_ARC = YES;
				CLANG_WARN_BOOL_CONVERSION = YES;
				CLANG_WARN_CONSTANT_CONVERSION = YES;
				CLANG_WARN_DIRECT_OBJC_ISA_USAGE = YES_ERROR;
				CLANG_WARN_DOCUMENTATION_COMMENTS = YES;
				CLANG_WARN_EMPTY_BODY = YES;
				CLANG_WARN_ENUM_CONVERSION = YES;
				CLANG_WARN_INFINITE_RECURSION = YES;
				CLANG_WARN_INT_CONVERSION = YES;
				CLANG_WARN_OBJC_ROOT_CLASS = YES_ERROR;
				CLANG_WARN_SUSPICIOUS_MOVE = YES;
				CLANG_WARN_UNREACHABLE_CODE = YES;
				CLANG_WARN__DUPLICATE_METHOD_MATCH = YES;
				"CODE_SIGN_IDENTITY[sdk=iphoneos*]" = "iPhone Developer";
				COPY_PHASE_STRIP = NO;
				DEBUG_INFORMATION_FORMAT = dwarf;
				ENABLE_STRICT_OBJC_MSGSEND = YES;
				ENABLE_TESTABILITY = YES;
				GCC_C_LANGUAGE_STANDARD = gnu99;
				GCC_DYNAMIC_NO_PIC = NO;
				GCC_NO_COMMON_BLOCKS = YES;
				GCC_OPTIMIZATION_LEVEL = 0;
				GCC_PREPROCESSOR_DEFINITIONS = (
					"DEBUG=1",
					"$(inherited)",
				);
				GCC_WARN_64_TO_32_BIT_CONVERSION = YES;
				GCC_WARN_ABOUT_RETURN_TYPE = YES_ERROR;
				GCC_WARN_UNDECLARED_SELECTOR = YES;
				GCC_WARN_UNINITIALIZED_AUTOS = YES_AGGRESSIVE;
				GCC_WARN_UNUSED_FUNCTION = YES;
				GCC_WARN_UNUSED_VARIABLE = YES;
				IPHONEOS_DEPLOYMENT_TARGET = 10.2;
				MTL_ENABLE_DEBUG_INFO = YES;
				ONLY_ACTIVE_ARCH = YES;
				SDKROOT = iphoneos;
			};
			name = Debug;
		};
		09ECB7DD1F30159400CC5C05 /* Release */ = {
			isa = XCBuildConfiguration;
			buildSettings = {
				ALWAYS_SEARCH_USER_PATHS = NO;
				CLANG_ANALYZER_NONNULL = YES;
				CLANG_CXX_LANGUAGE_STANDARD = "gnu++0x";
				CLANG_CXX_LIBRARY = "libc++";
				CLANG_ENABLE_MODULES = YES;
				CLANG_ENABLE_OBJC_ARC = YES;
				CLANG_WARN_BOOL_CONVERSION = YES;
				CLANG_WARN_CONSTANT_CONVERSION = YES;
				CLANG_WARN_DIRECT_OBJC_ISA_USAGE = YES_ERROR;
				CLANG_WARN_DOCUMENTATION_COMMENTS = YES;
				CLANG_WARN_EMPTY_BODY = YES;
				CLANG_WARN_ENUM_CONVERSION = YES;
				CLANG_WARN_INFINITE_RECURSION = YES;
				CLANG_WARN_INT_CONVERSION = YES;
				CLANG_WARN_OBJC_ROOT_CLASS = YES_ERROR;
				CLANG_WARN_SUSPICIOUS_MOVE = YES;
				CLANG_WARN_UNREACHABLE_CODE = YES;
				CLANG_WARN__DUPLICATE_METHOD_MATCH = YES;
				"CODE_SIGN_IDENTITY[sdk=iphoneos*]" = "iPhone Developer";
				COPY_PHASE_STRIP = NO;
				DEBUG_INFORMATION_FORMAT = "dwarf-with-dsym";
				ENABLE_NS_ASSERTIONS = NO;
				ENABLE_STRICT_OBJC_MSGSEND = YES;
				GCC_C_LANGUAGE_STANDARD = gnu99;
				GCC_NO_COMMON_BLOCKS = YES;
				GCC_WARN_64_TO_32_BIT_CONVERSION = YES;
				GCC_WARN_ABOUT_RETURN_TYPE = YES_ERROR;
				GCC_WARN_UNDECLARED_SELECTOR = YES;
				GCC_WARN_UNINITIALIZED_AUTOS = YES_AGGRESSIVE;
				GCC_WARN_UNUSED_FUNCTION = YES;
				GCC_WARN_UNUSED_VARIABLE = YES;
				IPHONEOS_DEPLOYMENT_TARGET = 10.2;
				MTL_ENABLE_DEBUG_INFO = NO;
				SDKROOT = iphoneos;
				VALIDATE_PRODUCT = YES;
			};
			name = Release;
		};
		09ECB7DF1F30159400CC5C05 /* Debug */ = {
			isa = XCBuildConfiguration;
			buildSettings = {
				ASSETCATALOG_COMPILER_APPICON_NAME = AppIcon;
				DEVELOPMENT_TEAM = 97B7KREVR8;
				INFOPLIST_FILE = "弹幕demo/Info.plist";
				LD_RUNPATH_SEARCH_PATHS = "$(inherited) @executable_path/Frameworks";
				PRODUCT_BUNDLE_IDENTIFIER = "com.cgb100.--demo";
				PRODUCT_NAME = "$(TARGET_NAME)";
			};
			name = Debug;
		};
		09ECB7E01F30159400CC5C05 /* Release */ = {
			isa = XCBuildConfiguration;
			buildSettings = {
				ASSETCATALOG_COMPILER_APPICON_NAME = AppIcon;
				DEVELOPMENT_TEAM = 97B7KREVR8;
				INFOPLIST_FILE = "弹幕demo/Info.plist";
				LD_RUNPATH_SEARCH_PATHS = "$(inherited) @executable_path/Frameworks";
				PRODUCT_BUNDLE_IDENTIFIER = "com.cgb100.--demo";
				PRODUCT_NAME = "$(TARGET_NAME)";
			};
			name = Release;
		};
		09ECB7E21F30159400CC5C05 /* Debug */ = {
			isa = XCBuildConfiguration;
			buildSettings = {
				BUNDLE_LOADER = "$(TEST_HOST)";
				DEVELOPMENT_TEAM = 97B7KREVR8;
				INFOPLIST_FILE = "弹幕demoTests/Info.plist";
				LD_RUNPATH_SEARCH_PATHS = "$(inherited) @executable_path/Frameworks @loader_path/Frameworks";
				PRODUCT_BUNDLE_IDENTIFIER = "com.cgb100.--demoTests";
				PRODUCT_NAME = "$(TARGET_NAME)";
				TEST_HOST = "$(BUILT_PRODUCTS_DIR)/弹幕demo.app/弹幕demo";
			};
			name = Debug;
		};
		09ECB7E31F30159400CC5C05 /* Release */ = {
			isa = XCBuildConfiguration;
			buildSettings = {
				BUNDLE_LOADER = "$(TEST_HOST)";
				DEVELOPMENT_TEAM = 97B7KREVR8;
				INFOPLIST_FILE = "弹幕demoTests/Info.plist";
				LD_RUNPATH_SEARCH_PATHS = "$(inherited) @executable_path/Frameworks @loader_path/Frameworks";
				PRODUCT_BUNDLE_IDENTIFIER = "com.cgb100.--demoTests";
				PRODUCT_NAME = "$(TARGET_NAME)";
				TEST_HOST = "$(BUILT_PRODUCTS_DIR)/弹幕demo.app/弹幕demo";
			};
			name = Release;
		};
		09ECB7E51F30159400CC5C05 /* Debug */ = {
			isa = XCBuildConfiguration;
			buildSettings = {
				DEVELOPMENT_TEAM = 97B7KREVR8;
				INFOPLIST_FILE = "弹幕demoUITests/Info.plist";
				LD_RUNPATH_SEARCH_PATHS = "$(inherited) @executable_path/Frameworks @loader_path/Frameworks";
				PRODUCT_BUNDLE_IDENTIFIER = "com.cgb100.--demoUITests";
				PRODUCT_NAME = "$(TARGET_NAME)";
				TEST_TARGET_NAME = "弹幕demo";
			};
			name = Debug;
		};
		09ECB7E61F30159400CC5C05 /* Release */ = {
			isa = XCBuildConfiguration;
			buildSettings = {
				DEVELOPMENT_TEAM = 97B7KREVR8;
				INFOPLIST_FILE = "弹幕demoUITests/Info.plist";
				LD_RUNPATH_SEARCH_PATHS = "$(inherited) @executable_path/Frameworks @loader_path/Frameworks";
				PRODUCT_BUNDLE_IDENTIFIER = "com.cgb100.--demoUITests";
				PRODUCT_NAME = "$(TARGET_NAME)";
				TEST_TARGET_NAME = "弹幕demo";
			};
			name = Release;
		};
/* End XCBuildConfiguration section */

/* Begin XCConfigurationList section */
		09ECB7AC1F30159300CC5C05 /* Build configuration list for PBXProject "弹幕demo" */ = {
			isa = XCConfigurationList;
			buildConfigurations = (
				09ECB7DC1F30159400CC5C05 /* Debug */,
				09ECB7DD1F30159400CC5C05 /* Release */,
			);
			defaultConfigurationIsVisible = 0;
			defaultConfigurationName = Release;
		};
		09ECB7DE1F30159400CC5C05 /* Build configuration list for PBXNativeTarget "弹幕demo" */ = {
			isa = XCConfigurationList;
			buildConfigurations = (
				09ECB7DF1F30159400CC5C05 /* Debug */,
				09ECB7E01F30159400CC5C05 /* Release */,
			);
			defaultConfigurationIsVisible = 0;
		};
		09ECB7E11F30159400CC5C05 /* Build configuration list for PBXNativeTarget "弹幕demoTests" */ = {
			isa = XCConfigurationList;
			buildConfigurations = (
				09ECB7E21F30159400CC5C05 /* Debug */,
				09ECB7E31F30159400CC5C05 /* Release */,
			);
			defaultConfigurationIsVisible = 0;
		};
		09ECB7E41F30159400CC5C05 /* Build configuration list for PBXNativeTarget "弹幕demoUITests" */ = {
			isa = XCConfigurationList;
			buildConfigurations = (
				09ECB7E51F30159400CC5C05 /* Debug */,
				09ECB7E61F30159400CC5C05 /* Release */,
			);
			defaultConfigurationIsVisible = 0;
		};
/* End XCConfigurationList section */
	};
	rootObject = 09ECB7A91F30159300CC5C05 /* Project object */;
}
